
Microsoft Visual Studio Solution File, Format Version 12.00
# Visual Studio Version 17
VisualStudioVersion = 17.14.36301.6 d17.14
MinimumVisualStudioVersion = 10.0.40219.1
Project("{FAE04EC0-301F-11D3-BF4B-00C04F79EFBC}") = "FunctionTest", "FunctionTest\FunctionTest.csproj", "{08A854A2-2DB9-4DCE-A49C-B0C2B5C70DFA}"
EndProject
Global
	GlobalSection(SolutionConfigurationPlatforms) = preSolution
		Debug|Any CPU = Debug|Any CPU
		Release|Any CPU = Release|Any CPU
	EndGlobalSection
	GlobalSection(ProjectConfigurationPlatforms) = postSolution
		{08A854A2-2DB9-4DCE-A49C-B0C2B5C70DFA}.Debug|Any CPU.ActiveCfg = Debug|Any CPU
		{08A854A2-2DB9-4DCE-A49C-B0C2B5C70DFA}.Debug|Any CPU.Build.0 = Debug|Any CPU
		{08A854A2-2DB9-4DCE-A49C-B0C2B5C70DFA}.Release|Any CPU.ActiveCfg = Release|Any CPU
		{08A854A2-2DB9-4DCE-A49C-B0C2B5C70DFA}.Release|Any CPU.Build.0 = Release|Any CPU
	EndGlobalSection
	GlobalSection(SolutionProperties) = preSolution
		HideSolutionNode = FALSE
	EndGlobalSection
	GlobalSection(ExtensibilityGlobals) = postSolution
		SolutionGuid = {41F1FFAE-18B8-4457-9539-084E4727AC43}
	EndGlobalSection
EndGlobal
